
Microsoft Visual Studio Solution File, Format Version 12.00
# Visual Studio 15
VisualStudioVersion = 15.0.28307.271
MinimumVisualStudioVersion = 10.0.40219.1
Project("{FAE04EC0-301F-11D3-BF4B-00C04F79EFBC}") = "AirplaneControl.Service", "AirplaneControl\AirplaneControl.Service.csproj", "{115B55C3-8451-43C7-9C86-118F38BBE263}"
EndProject
Project("{FAE04EC0-301F-11D3-BF4B-00C04F79EFBC}") = "AirPlaneControl.Domain", "AirPlaneControlService\AirPlaneControl.Domain.csproj", "{B7D5631B-01AF-4172-8EC7-C509FA0CE87E}"
EndProject
Global
	GlobalSection(SolutionConfigurationPlatforms) = preSolution
		Debug|Any CPU = Debug|Any CPU
		Release|Any CPU = Release|Any CPU
	EndGlobalSection
	GlobalSection(ProjectConfigurationPlatforms) = postSolution
		{115B55C3-8451-43C7-9C86-118F38BBE263}.Debug|Any CPU.ActiveCfg = Debug|Any CPU
		{115B55C3-8451-43C7-9C86-118F38BBE263}.Debug|Any CPU.Build.0 = Debug|Any CPU
		{115B55C3-8451-43C7-9C86-118F38BBE263}.Release|Any CPU.ActiveCfg = Release|Any CPU
		{115B55C3-8451-43C7-9C86-118F38BBE263}.Release|Any CPU.Build.0 = Release|Any CPU
		{B7D5631B-01AF-4172-8EC7-C509FA0CE87E}.Debug|Any CPU.ActiveCfg = Debug|Any CPU
		{B7D5631B-01AF-4172-8EC7-C509FA0CE87E}.Debug|Any CPU.Build.0 = Debug|Any CPU
		{B7D5631B-01AF-4172-8EC7-C509FA0CE87E}.Release|Any CPU.ActiveCfg = Release|Any CPU
		{B7D5631B-01AF-4172-8EC7-C509FA0CE87E}.Release|Any CPU.Build.0 = Release|Any CPU
	EndGlobalSection
	GlobalSection(SolutionProperties) = preSolution
		HideSolutionNode = FALSE
	EndGlobalSection
	GlobalSection(ExtensibilityGlobals) = postSolution
		SolutionGuid = {C5F84642-6E1E-4EC7-9F6E-8BC80B27C216}
	EndGlobalSection
EndGlobal
